
Microsoft Visual Studio Solution File, Format Version 12.00
# Visual Studio Version 17
VisualStudioVersion = 17.0.31903.59
MinimumVisualStudioVersion = 10.0.40219.1
Project("{FAE04EC0-301F-11D3-BF4B-00C04F79EFBC}") = "Nikke.Simulator.Core", "Nikke.Simulator.Core\Nikke.Simulator.Core.csproj", "{F17C34BB-A678-400F-A007-169AAC02DC51}"
EndProject
Project("{FAE04EC0-301F-11D3-BF4B-00C04F79EFBC}") = "Nikke.Simulator.Wpf", "Nikke.Simulator.Wpf\Nikke.Simulator.Wpf.csproj", "{F3714B5E-FA4C-46CD-9E0C-D00F7FED58EF}"
EndProject
Project("{FAE04EC0-301F-11D3-BF4B-00C04F79EFBC}") = "Nikke.Simulator.Tests", "Nikke.Simulator.Tests\Nikke.Simulator.Tests.csproj", "{DEAC75E8-5982-48B3-9067-9DDD1B6AAF9B}"
EndProject
Project("{FAE04EC0-301F-11D3-BF4B-00C04F79EFBC}") = "Nikke.Simulator.Engine", "Nikke.Simulator.Engine\Nikke.Simulator.Engine.csproj", "{C0FDAF15-A7B2-4DD7-8572-45BA8A9D3108}"
EndProject
Project("{FAE04EC0-301F-11D3-BF4B-00C04F79EFBC}") = "Nikke.Simulator.Harness", "Nikke.Simulator.Harness\Nikke.Simulator.Harness.csproj", "{F84DC78D-2F70-4DC0-8946-51203E7A1AA0}"
EndProject
Global
	GlobalSection(SolutionConfigurationPlatforms) = preSolution
		Debug|Any CPU = Debug|Any CPU
		Debug|x64 = Debug|x64
		Debug|x86 = Debug|x86
		Release|Any CPU = Release|Any CPU
		Release|x64 = Release|x64
		Release|x86 = Release|x86
	EndGlobalSection
	GlobalSection(ProjectConfigurationPlatforms) = postSolution
		{F17C34BB-A678-400F-A007-169AAC02DC51}.Debug|Any CPU.ActiveCfg = Debug|Any CPU
		{F17C34BB-A678-400F-A007-169AAC02DC51}.Debug|Any CPU.Build.0 = Debug|Any CPU
		{F17C34BB-A678-400F-A007-169AAC02DC51}.Debug|x64.ActiveCfg = Debug|Any CPU
		{F17C34BB-A678-400F-A007-169AAC02DC51}.Debug|x64.Build.0 = Debug|Any CPU
		{F17C34BB-A678-400F-A007-169AAC02DC51}.Debug|x86.ActiveCfg = Debug|Any CPU
		{F17C34BB-A678-400F-A007-169AAC02DC51}.Debug|x86.Build.0 = Debug|Any CPU
		{F17C34BB-A678-400F-A007-169AAC02DC51}.Release|Any CPU.ActiveCfg = Release|Any CPU
		{F17C34BB-A678-400F-A007-169AAC02DC51}.Release|Any CPU.Build.0 = Release|Any CPU
		{F17C34BB-A678-400F-A007-169AAC02DC51}.Release|x64.ActiveCfg = Release|Any CPU
		{F17C34BB-A678-400F-A007-169AAC02DC51}.Release|x64.Build.0 = Release|Any CPU
		{F17C34BB-A678-400F-A007-169AAC02DC51}.Release|x86.ActiveCfg = Release|Any CPU
		{F17C34BB-A678-400F-A007-169AAC02DC51}.Release|x86.Build.0 = Release|Any CPU
		{F3714B5E-FA4C-46CD-9E0C-D00F7FED58EF}.Debug|Any CPU.ActiveCfg = Debug|Any CPU
		{F3714B5E-FA4C-46CD-9E0C-D00F7FED58EF}.Debug|Any CPU.Build.0 = Debug|Any CPU
		{F3714B5E-FA4C-46CD-9E0C-D00F7FED58EF}.Debug|x64.ActiveCfg = Debug|Any CPU
		{F3714B5E-FA4C-46CD-9E0C-D00F7FED58EF}.Debug|x64.Build.0 = Debug|Any CPU
		{F3714B5E-FA4C-46CD-9E0C-D00F7FED58EF}.Debug|x86.ActiveCfg = Debug|Any CPU
		{F3714B5E-FA4C-46CD-9E0C-D00F7FED58EF}.Debug|x86.Build.0 = Debug|Any CPU
		{F3714B5E-FA4C-46CD-9E0C-D00F7FED58EF}.Release|Any CPU.ActiveCfg = Release|Any CPU
		{F3714B5E-FA4C-46CD-9E0C-D00F7FED58EF}.Release|Any CPU.Build.0 = Release|Any CPU
		{F3714B5E-FA4C-46CD-9E0C-D00F7FED58EF}.Release|x64.ActiveCfg = Release|Any CPU
		{F3714B5E-FA4C-46CD-9E0C-D00F7FED58EF}.Release|x64.Build.0 = Release|Any CPU
		{F3714B5E-FA4C-46CD-9E0C-D00F7FED58EF}.Release|x86.ActiveCfg = Release|Any CPU
		{F3714B5E-FA4C-46CD-9E0C-D00F7FED58EF}.Release|x86.Build.0 = Release|Any CPU
		{DEAC75E8-5982-48B3-9067-9DDD1B6AAF9B}.Debug|Any CPU.ActiveCfg = Debug|Any CPU
		{DEAC75E8-5982-48B3-9067-9DDD1B6AAF9B}.Debug|Any CPU.Build.0 = Debug|Any CPU
		{DEAC75E8-5982-48B3-9067-9DDD1B6AAF9B}.Debug|x64.ActiveCfg = Debug|Any CPU
		{DEAC75E8-5982-48B3-9067-9DDD1B6AAF9B}.Debug|x64.Build.0 = Debug|Any CPU
		{DEAC75E8-5982-48B3-9067-9DDD1B6AAF9B}.Debug|x86.ActiveCfg = Debug|Any CPU
		{DEAC75E8-5982-48B3-9067-9DDD1B6AAF9B}.Debug|x86.Build.0 = Debug|Any CPU
		{DEAC75E8-5982-48B3-9067-9DDD1B6AAF9B}.Release|Any CPU.ActiveCfg = Release|Any CPU
		{DEAC75E8-5982-48B3-9067-9DDD1B6AAF9B}.Release|Any CPU.Build.0 = Release|Any CPU
		{DEAC75E8-5982-48B3-9067-9DDD1B6AAF9B}.Release|x64.ActiveCfg = Release|Any CPU
		{DEAC75E8-5982-48B3-9067-9DDD1B6AAF9B}.Release|x64.Build.0 = Release|Any CPU
		{DEAC75E8-5982-48B3-9067-9DDD1B6AAF9B}.Release|x86.ActiveCfg = Release|Any CPU
		{DEAC75E8-5982-48B3-9067-9DDD1B6AAF9B}.Release|x86.Build.0 = Release|Any CPU
		{C0FDAF15-A7B2-4DD7-8572-45BA8A9D3108}.Debug|Any CPU.ActiveCfg = Debug|Any CPU
		{C0FDAF15-A7B2-4DD7-8572-45BA8A9D3108}.Debug|Any CPU.Build.0 = Debug|Any CPU
		{C0FDAF15-A7B2-4DD7-8572-45BA8A9D3108}.Debug|x64.ActiveCfg = Debug|Any CPU
		{C0FDAF15-A7B2-4DD7-8572-45BA8A9D3108}.Debug|x64.Build.0 = Debug|Any CPU
		{C0FDAF15-A7B2-4DD7-8572-45BA8A9D3108}.Debug|x86.ActiveCfg = Debug|Any CPU
		{C0FDAF15-A7B2-4DD7-8572-45BA8A9D3108}.Debug|x86.Build.0 = Debug|Any CPU
		{C0FDAF15-A7B2-4DD7-8572-45BA8A9D3108}.Release|Any CPU.ActiveCfg = Release|Any CPU
		{C0FDAF15-A7B2-4DD7-8572-45BA8A9D3108}.Release|Any CPU.Build.0 = Release|Any CPU
		{C0FDAF15-A7B2-4DD7-8572-45BA8A9D3108}.Release|x64.ActiveCfg = Release|Any CPU
		{C0FDAF15-A7B2-4DD7-8572-45BA8A9D3108}.Release|x64.Build.0 = Release|Any CPU
		{C0FDAF15-A7B2-4DD7-8572-45BA8A9D3108}.Release|x86.ActiveCfg = Release|Any CPU
		{C0FDAF15-A7B2-4DD7-8572-45BA8A9D3108}.Release|x86.Build.0 = Release|Any CPU
		{F84DC78D-2F70-4DC0-8946-51203E7A1AA0}.Debug|Any CPU.ActiveCfg = Debug|Any CPU
		{F84DC78D-2F70-4DC0-8946-51203E7A1AA0}.Debug|Any CPU.Build.0 = Debug|Any CPU
		{F84DC78D-2F70-4DC0-8946-51203E7A1AA0}.Debug|x64.ActiveCfg = Debug|Any CPU
		{F84DC78D-2F70-4DC0-8946-51203E7A1AA0}.Debug|x64.Build.0 = Debug|Any CPU
		{F84DC78D-2F70-4DC0-8946-51203E7A1AA0}.Debug|x86.ActiveCfg = Debug|Any CPU
		{F84DC78D-2F70-4DC0-8946-51203E7A1AA0}.Debug|x86.Build.0 = Debug|Any CPU
		{F84DC78D-2F70-4DC0-8946-51203E7A1AA0}.Release|Any CPU.ActiveCfg = Release|Any CPU
		{F84DC78D-2F70-4DC0-8946-51203E7A1AA0}.Release|Any CPU.Build.0 = Release|Any CPU
		{F84DC78D-2F70-4DC0-8946-51203E7A1AA0}.Release|x64.ActiveCfg = Release|Any CPU
		{F84DC78D-2F70-4DC0-8946-51203E7A1AA0}.Release|x64.Build.0 = Release|Any CPU
		{F84DC78D-2F70-4DC0-8946-51203E7A1AA0}.Release|x86.ActiveCfg = Release|Any CPU
		{F84DC78D-2F70-4DC0-8946-51203E7A1AA0}.Release|x86.Build.0 = Release|Any CPU
	EndGlobalSection
	GlobalSection(SolutionProperties) = preSolution
		HideSolutionNode = FALSE
	EndGlobalSection
EndGlobal
